
Microsoft Visual Studio Solution File, Format Version 12.00
# Visual Studio Version 17
VisualStudioVersion = 17.8.34511.84
MinimumVisualStudioVersion = 10.0.40219.1
Project("{FAE04EC0-301F-11D3-BF4B-00C04F79EFBC}") = "WpfApp19", "WpfApp19\WpfApp19.csproj", "{F5937647-792E-4982-B89A-6CF6EFA220B2}"
EndProject
Global
	GlobalSection(SolutionConfigurationPlatforms) = preSolution
		Debug|Any CPU = Debug|Any CPU
		Release|Any CPU = Release|Any CPU
	EndGlobalSection
	GlobalSection(ProjectConfigurationPlatforms) = postSolution
		{F5937647-792E-4982-B89A-6CF6EFA220B2}.Debug|Any CPU.ActiveCfg = Debug|Any CPU
		{F5937647-792E-4982-B89A-6CF6EFA220B2}.Debug|Any CPU.Build.0 = Debug|Any CPU
		{F5937647-792E-4982-B89A-6CF6EFA220B2}.Release|Any CPU.ActiveCfg = Release|Any CPU
		{F5937647-792E-4982-B89A-6CF6EFA220B2}.Release|Any CPU.Build.0 = Release|Any CPU
	EndGlobalSection
	GlobalSection(SolutionProperties) = preSolution
		HideSolutionNode = FALSE
	EndGlobalSection
	GlobalSection(ExtensibilityGlobals) = postSolution
		SolutionGuid = {F4813890-378F-4AE7-AF06-D62436CF051D}
	EndGlobalSection
EndGlobal
